PODS:
  - Localize-Swift (3.2.0):
    - Localize-Swift/LocalizeSwiftCore (= 3.2.0)
    - Localize-Swift/UIKit (= 3.2.0)
  - Localize-Swift/LocalizeSwiftCore (3.2.0)
  - Localize-Swift/UIKit (3.2.0):
    - Localize-Swift/LocalizeSwiftCore

DEPENDENCIES:
  - Localize-Swift

SPEC REPOS:
  trunk:
    - Localize-Swift

SPEC CHECKSUMS:
  Localize-Swift: 6f4475136bdb0d7b2882ea3d4ea919d70142b232

PODFILE CHECKSUM: 5839756b39641dc1baa43814fd82793ed68c66f4

COCOAPODS: 1.11.3
